// !$*UTF8*$!
{
	archiveVersion = 1;
	classes = {
	};
	objectVersion = 46;
	objects = {

/* Begin PBXBuildFile section */
		17D6990E2146EB6778FF0156 /* libPods-PrototipoiTests.a in Frameworks */ = {isa = PBXBuildFile; fileRef = 76CDFEF0826F685D7FC6A23B /* libPods-PrototipoiTests.a */; };
		38CAD08A1D99863300B5AEB2 /* main.m in Sources */ = {isa = PBXBuildFile; fileRef = 38CAD0891D99863300B5AEB2 /* main.m */; };
		38CAD08D1D99863300B5AEB2 /* AppDelegate.m in Sources */ = {isa = PBXBuildFile; fileRef = 38CAD08C1D99863300B5AEB2 /* AppDelegate.m */; };
		38CAD0901D99863300B5AEB2 /* ViewController.m in Sources */ = {isa = PBXBuildFile; fileRef = 38CAD08F1D99863300B5AEB2 /* ViewController.m */; };
		38CAD0931D99863300B5AEB2 /* Main.storyboard in Resources */ = {isa = PBXBuildFile; fileRef = 38CAD0911D99863300B5AEB2 /* Main.storyboard */; };
		38CAD0951D99863300B5AEB2 /* Assets.xcassets in Resources */ = {isa = PBXBuildFile; fileRef = 38CAD0941D99863300B5AEB2 /* Assets.xcassets */; };
		38CAD0981D99863300B5AEB2 /* LaunchScreen.storyboard in Resources */ = {isa = PBXBuildFile; fileRef = 38CAD0961D99863300B5AEB2 /* LaunchScreen.storyboard */; };
		38CAD0A31D99863300B5AEB2 /* PrototipoiTests.m in Sources */ = {isa = PBXBuildFile; fileRef = 38CAD0A21D99863300B5AEB2 /* PrototipoiTests.m */; };
		38CAD0AE1D99863300B5AEB2 /* PrototipoiUITests.m in Sources */ = {isa = PBXBuildFile; fileRef = 38CAD0AD1D99863300B5AEB2 /* PrototipoiUITests.m */; };
		3F32DF0EAB45E16CDBD6CD92 /* libPods-Prototipoi.a in Frameworks */ = {isa = PBXBuildFile; fileRef = 987BC2E17C90141C2B0105B2 /* libPods-Prototipoi.a */; };
		6DD9AD2E004EC31DC49CCAB8 /* libPods-PrototipoiUITests.a in Frameworks */ = {isa = PBXBuildFile; fileRef = 42BE8AD5A6989670BE7C1F52 /* libPods-PrototipoiUITests.a */; };
/* End PBXBuildFile section */

/* Begin PBXContainerItemProxy section */
		38CAD09F1D99863300B5AEB2 /* PBXContainerItemProxy */ = {
			isa = PBXContainerItemProxy;
			containerPortal = 38CAD07D1D99863200B5AEB2 /* Project object */;
			proxyType = 1;
			remoteGlobalIDString = 38CAD0841D99863200B5AEB2;
			remoteInfo = Prototipoi;
		};
		38CAD0AA1D99863300B5AEB2 /* PBXContainerItemProxy */ = {
			isa = PBXContainerItemProxy;
			containerPortal = 38CAD07D1D99863200B5AEB2 /* Project object */;
			proxyType = 1;
			remoteGlobalIDString = 38CAD0841D99863200B5AEB2;
			remoteInfo = Prototipoi;
		};
/* End PBXContainerItemProxy section */

/* Begin PBXFileReference section */
		0DCD6D233C49029B3971F2DD /* Pods-Prototipoi.debug.xcconfig */ = {isa = PBXFileReference; includeInIndex = 1; lastKnownFileType = text.xcconfig; name = "Pods-Prototipoi.debug.xcconfig"; path = "Pods/Target Support Files/Pods-Prototipoi/Pods-Prototipoi.debug.xcconfig"; sourceTree = "<group>"; };
		10A1EB45DD4855FADCCCF28D /* Pods-PrototipoiUITests.release.xcconfig */ = {isa = PBXFileReference; includeInIndex = 1; lastKnownFileType = text.xcconfig; name = "Pods-PrototipoiUITests.release.xcconfig"; path = "Pods/Target Support Files/Pods-PrototipoiUITests/Pods-PrototipoiUITests.release.xcconfig"; sourceTree = "<group>"; };
		38CAD0851D99863300B5AEB2 /* Prototipoi.app */ = {isa = PBXFileReference; explicitFileType = wrapper.application; includeInIndex = 0; path = Prototipoi.app; sourceTree = BUILT_PRODUCTS_DIR; };
		38CAD0891D99863300B5AEB2 /* main.m */ = {isa = PBXFileReference; lastKnownFileType = sourcecode.c.objc; path = main.m; sourceTree = "<group>"; };
		38CAD08B1D99863300B5AEB2 /* AppDelegate.h */ = {isa = PBXFileReference; lastKnownFileType = sourcecode.c.h; path = AppDelegate.h; sourceTree = "<group>"; };
		38CAD08C1D99863300B5AEB2 /* AppDelegate.m */ = {isa = PBXFileReference; lastKnownFileType = sourcecode.c.objc; path = AppDelegate.m; sourceTree = "<group>"; };
		38CAD08E1D99863300B5AEB2 /* ViewController.h */ = {isa = PBXFileReference; lastKnownFileType = sourcecode.c.h; path = ViewController.h; sourceTree = "<group>"; };
		38CAD08F1D99863300B5AEB2 /* ViewController.m */ = {isa = PBXFileReference; lastKnownFileType = sourcecode.c.objc; path = ViewController.m; sourceTree = "<group>"; };
		38CAD0921D99863300B5AEB2 /* Base */ = {isa = PBXFileReference; lastKnownFileType = file.storyboard; name = Base; path = Base.lproj/Main.storyboard; sourceTree = "<group>"; };
		38CAD0941D99863300B5AEB2 /* Assets.xcassets */ = {isa = PBXFileReference; lastKnownFileType = folder.assetcatalog; path = Assets.xcassets; sourceTree = "<group>"; };
		38CAD0971D99863300B5AEB2 /* Base */ = {isa = PBXFileReference; lastKnownFileType = file.storyboard; name = Base; path = Base.lproj/LaunchScreen.storyboard; sourceTree = "<group>"; };
		38CAD0991D99863300B5AEB2 /* Info.plist */ = {isa = PBXFileReference; lastKnownFileType = text.plist.xml; path = Info.plist; sourceTree = "<group>"; };
		38CAD09E1D99863300B5AEB2 /* PrototipoiTests.xctest */ = {isa = PBXFileReference; explicitFileType = wrapper.cfbundle; includeInIndex = 0; path = PrototipoiTests.xctest; sourceTree = BUILT_PRODUCTS_DIR; };
		38CAD0A21D99863300B5AEB2 /* PrototipoiTests.m */ = {isa = PBXFileReference; lastKnownFileType = sourcecode.c.objc; path = PrototipoiTests.m; sourceTree = "<group>"; };
		38CAD0A41D99863300B5AEB2 /* Info.plist */ = {isa = PBXFileReference; lastKnownFileType = text.plist.xml; path = Info.plist; sourceTree = "<group>"; };
		38CAD0A91D99863300B5AEB2 /* PrototipoiUITests.xctest */ = {isa = PBXFileReference; explicitFileType = wrapper.cfbundle; includeInIndex = 0; path = PrototipoiUITests.xctest; sourceTree = BUILT_PRODUCTS_DIR; };
		38CAD0AD1D99863300B5AEB2 /* PrototipoiUITests.m */ = {isa = PBXFileReference; lastKnownFileType = sourcecode.c.objc; path = PrototipoiUITests.m; sourceTree = "<group>"; };
		38CAD0AF1D99863300B5AEB2 /* Info.plist */ = {isa = PBXFileReference; lastKnownFileType = text.plist.xml; path = Info.plist; sourceTree = "<group>"; };
		3B58E3C02100B97C42495047 /* Pods-PrototipoiTests.debug.xcconfig */ = {isa = PBXFileReference; includeInIndex = 1; lastKnownFileType = text.xcconfig; name = "Pods-PrototipoiTests.debug.xcconfig"; path = "Pods/Target Support Files/Pods-PrototipoiTests/Pods-PrototipoiTests.debug.xcconfig"; sourceTree = "<group>"; };
		42BE8AD5A6989670BE7C1F52 /* libPods-PrototipoiUITests.a */ = {isa = PBXFileReference; explicitFileType = archive.ar; includeInIndex = 0; path = "libPods-PrototipoiUITests.a"; sourceTree = BUILT_PRODUCTS_DIR; };
		56DC31AB14AB0B140665F473 /* Pods-PrototipoiUITests.debug.xcconfig */ = {isa = PBXFileReference; includeInIndex = 1; lastKnownFileType = text.xcconfig; name = "Pods-PrototipoiUITests.debug.xcconfig"; path = "Pods/Target Support Files/Pods-PrototipoiUITests/Pods-PrototipoiUITests.debug.xcconfig"; sourceTree = "<group>"; };
		76CDFEF0826F685D7FC6A23B /* libPods-PrototipoiTests.a */ = {isa = PBXFileReference; explicitFileType = archive.ar; includeInIndex = 0; path = "libPods-PrototipoiTests.a"; sourceTree = BUILT_PRODUCTS_DIR; };
		987BC2E17C90141C2B0105B2 /* libPods-Prototipoi.a */ = {isa = PBXFileReference; explicitFileType = archive.ar; includeInIndex = 0; path = "libPods-Prototipoi.a"; sourceTree = BUILT_PRODUCTS_DIR; };
		DFACDA516B65A6111DCA463E /* Pods-Prototipoi.release.xcconfig */ = {isa = PBXFileReference; includeInIndex = 1; lastKnownFileType = text.xcconfig; name = "Pods-Prototipoi.release.xcconfig"; path = "Pods/Target Support Files/Pods-Prototipoi/Pods-Prototipoi.release.xcconfig"; sourceTree = "<group>"; };
		FEE639123C941F9A682FCF15 /* Pods-PrototipoiTests.release.xcconfig */ = {isa = PBXFileReference; includeInIndex = 1; lastKnownFileType = text.xcconfig; name = "Pods-PrototipoiTests.release.xcconfig"; path = "Pods/Target Support Files/Pods-PrototipoiTests/Pods-PrototipoiTests.release.xcconfig"; sourceTree = "<group>"; };
/* End PBXFileReference section */

/* Begin PBXFrameworksBuildPhase section */
		38CAD0821D99863200B5AEB2 /* Frameworks */ = {
			isa = PBXFrameworksBuildPhase;
			buildActionMask = 2147483647;
			files = (
				3F32DF0EAB45E16CDBD6CD92 /* libPods-Prototipoi.a in Frameworks */,
			);
			runOnlyForDeploymentPostprocessing = 0;
		};
		38CAD09B1D99863300B5AEB2 /* Frameworks */ = {
			isa = PBXFrameworksBuildPhase;
			buildActionMask = 2147483647;
			files = (
				17D6990E2146EB6778FF0156 /* libPods-PrototipoiTests.a in Frameworks */,
			);
			runOnlyForDeploymentPostprocessing = 0;
		};
		38CAD0A61D99863300B5AEB2 /* Frameworks */ = {
			isa = PBXFrameworksBuildPhase;
			buildActionMask = 2147483647;
			files = (
				6DD9AD2E004EC31DC49CCAB8 /* libPods-PrototipoiUITests.a in Frameworks */,
			);
			runOnlyForDeploymentPostprocessing = 0;
		};
/* End PBXFrameworksBuildPhase section */

/* Begin PBXGroup section */
		38CAD07C1D99863200B5AEB2 = {
			isa = PBXGroup;
			children = (
				38CAD0871D99863300B5AEB2 /* Prototipoi */,
				38CAD0A11D99863300B5AEB2 /* PrototipoiTests */,
				38CAD0AC1D99863300B5AEB2 /* PrototipoiUITests */,
				38CAD0861D99863300B5AEB2 /* Products */,
				B81A1B3B59BEC0BBCA825DEE /* Pods */,
				8DAB62A947EEDB182FE0FCC3 /* Frameworks */,
			);
			sourceTree = "<group>";
		};
		38CAD0861D99863300B5AEB2 /* Products */ = {
			isa = PBXGroup;
			children = (
				38CAD0851D99863300B5AEB2 /* Prototipoi.app */,
				38CAD09E1D99863300B5AEB2 /* PrototipoiTests.xctest */,
				38CAD0A91D99863300B5AEB2 /* PrototipoiUITests.xctest */,
			);
			name = Products;
			sourceTree = "<group>";
		};
		38CAD0871D99863300B5AEB2 /* Prototipoi */ = {
			isa = PBXGroup;
			children = (
				38CAD08B1D99863300B5AEB2 /* AppDelegate.h */,
				38CAD08C1D99863300B5AEB2 /* AppDelegate.m */,
				38CAD08E1D99863300B5AEB2 /* ViewController.h */,
				38CAD08F1D99863300B5AEB2 /* ViewController.m */,
				38CAD0911D99863300B5AEB2 /* Main.storyboard */,
				38CAD0941D99863300B5AEB2 /* Assets.xcassets */,
				38CAD0961D99863300B5AEB2 /* LaunchScreen.storyboard */,
				38CAD0991D99863300B5AEB2 /* Info.plist */,
				38CAD0881D99863300B5AEB2 /* Supporting Files */,
			);
			path = Prototipoi;
			sourceTree = "<group>";
		};
		38CAD0881D99863300B5AEB2 /* Supporting Files */ = {
			isa = PBXGroup;
			children = (
				38CAD0891D99863300B5AEB2 /* main.m */,
			);
			name = "Supporting Files";
			sourceTree = "<group>";
		};
		38CAD0A11D99863300B5AEB2 /* PrototipoiTests */ = {
			isa = PBXGroup;
			children = (
				38CAD0A21D99863300B5AEB2 /* PrototipoiTests.m */,
				38CAD0A41D99863300B5AEB2 /* Info.plist */,
			);
			path = PrototipoiTests;
			sourceTree = "<group>";
		};
		38CAD0AC1D99863300B5AEB2 /* PrototipoiUITests */ = {
			isa = PBXGroup;
			children = (
				38CAD0AD1D99863300B5AEB2 /* PrototipoiUITests.m */,
				38CAD0AF1D99863300B5AEB2 /* Info.plist */,
			);
			path = PrototipoiUITests;
			sourceTree = "<group>";
		};
		8DAB62A947EEDB182FE0FCC3 /* Frameworks */ = {
			isa = PBXGroup;
			children = (
				987BC2E17C90141C2B0105B2 /* libPods-Prototipoi.a */,
				76CDFEF0826F685D7FC6A23B /* libPods-PrototipoiTests.a */,
				42BE8AD5A6989670BE7C1F52 /* libPods-PrototipoiUITests.a */,
			);
			name = Frameworks;
			sourceTree = "<group>";
		};
		B81A1B3B59BEC0BBCA825DEE /* Pods */ = {
			isa = PBXGroup;
			children = (
				0DCD6D233C49029B3971F2DD /* Pods-Prototipoi.debug.xcconfig */,
				DFACDA516B65A6111DCA463E /* Pods-Prototipoi.release.xcconfig */,
				3B58E3C02100B97C42495047 /* Pods-PrototipoiTests.debug.xcconfig */,
				FEE639123C941F9A682FCF15 /* Pods-PrototipoiTests.release.xcconfig */,
				56DC31AB14AB0B140665F473 /* Pods-PrototipoiUITests.debug.xcconfig */,
				10A1EB45DD4855FADCCCF28D /* Pods-PrototipoiUITests.release.xcconfig */,
			);
			name = Pods;
			sourceTree = "<group>";
		};
/* End PBXGroup section */

/* Begin PBXNativeTarget section */
		38CAD0841D99863200B5AEB2 /* Prototipoi */ = {
			isa = PBXNativeTarget;
			buildConfigurationList = 38CAD0B21D99863400B5AEB2 /* Build configuration list for PBXNativeTarget "Prototipoi" */;
			buildPhases = (
				BC5F36C3BEDB7F15F2434722 /* [CP] Check Pods Manifest.lock */,
				38CAD0811D99863200B5AEB2 /* Sources */,
				38CAD0821D99863200B5AEB2 /* Frameworks */,
				38CAD0831D99863200B5AEB2 /* Resources */,
				D9A8BA4AB35C40E4D9CB5FA2 /* [CP] Embed Pods Frameworks */,
				CDD513D572604AD0F100E719 /* [CP] Copy Pods Resources */,
			);
			buildRules = (
			);
			dependencies = (
			);
			name = Prototipoi;
			productName = Prototipoi;
			productReference = 38CAD0851D99863300B5AEB2 /* Prototipoi.app */;
			productType = "com.apple.product-type.application";
		};
		38CAD09D1D99863300B5AEB2 /* PrototipoiTests */ = {
			isa = PBXNativeTarget;
			buildConfigurationList = 38CAD0B51D99863400B5AEB2 /* Build configuration list for PBXNativeTarget "PrototipoiTests" */;
			buildPhases = (
				F1E38B43578D23950AD628E3 /* [CP] Check Pods Manifest.lock */,
				38CAD09A1D99863300B5AEB2 /* Sources */,
				38CAD09B1D99863300B5AEB2 /* Frameworks */,
				38CAD09C1D99863300B5AEB2 /* Resources */,
				60677C71E52EABDB016D2220 /* [CP] Embed Pods Frameworks */,
				48C203A518A9C62AB34C948B /* [CP] Copy Pods Resources */,
			);
			buildRules = (
			);
			dependencies = (
				38CAD0A01D99863300B5AEB2 /* PBXTargetDependency */,
			);
			name = PrototipoiTests;
			productName = PrototipoiTests;
			productReference = 38CAD09E1D99863300B5AEB2 /* PrototipoiTests.xctest */;
			productType = "com.apple.product-type.bundle.unit-test";
		};
		38CAD0A81D99863300B5AEB2 /* PrototipoiUITests */ = {
			isa = PBXNativeTarget;
			buildConfigurationList = 38CAD0B81D99863400B5AEB2 /* Build configuration list for PBXNativeTarget "PrototipoiUITests" */;
			buildPhases = (
				3F7FB15348E51C1746BB3709 /* [CP] Check Pods Manifest.lock */,
				38CAD0A51D99863300B5AEB2 /* Sources */,
				38CAD0A61D99863300B5AEB2 /* Frameworks */,
				38CAD0A71D99863300B5AEB2 /* Resources */,
				677464D6E83D99C3E8DCB0CA /* [CP] Copy Pods Resources */,
			);
			buildRules = (
			);
			dependencies = (
				38CAD0AB1D99863300B5AEB2 /* PBXTargetDependency */,
			);
			name = PrototipoiUITests;
			productName = PrototipoiUITests;
			productReference = 38CAD0A91D99863300B5AEB2 /* PrototipoiUITests.xctest */;
			productType = "com.apple.product-type.bundle.ui-testing";
		};
/* End PBXNativeTarget section */

/* Begin PBXProject section */
		38CAD07D1D99863200B5AEB2 /* Project object */ = {
			isa = PBXProject;
			attributes = {
				LastUpgradeCheck = 0720;
				ORGANIZATIONNAME = "Jose Juan Suarez";
				TargetAttributes = {
					38CAD0841D99863200B5AEB2 = {
						CreatedOnToolsVersion = 7.2.1;
					};
					38CAD09D1D99863300B5AEB2 = {
						CreatedOnToolsVersion = 7.2.1;
						TestTargetID = 38CAD0841D99863200B5AEB2;
					};
					38CAD0A81D99863300B5AEB2 = {
						CreatedOnToolsVersion = 7.2.1;
						TestTargetID = 38CAD0841D99863200B5AEB2;
					};
				};
			};
			buildConfigurationList = 38CAD0801D99863200B5AEB2 /* Build configuration list for PBXProject "Prototipoi" */;
			compatibilityVersion = "Xcode 3.2";
			developmentRegion = English;
			hasScannedForEncodings = 0;
			knownRegions = (
				en,
				Base,
			);
			mainGroup = 38CAD07C1D99863200B5AEB2;
			productRefGroup = 38CAD0861D99863300B5AEB2 /* Products */;
			projectDirPath = "";
			projectRoot = "";
			targets = (
				38CAD0841D99863200B5AEB2 /* Prototipoi */,
				38CAD09D1D99863300B5AEB2 /* PrototipoiTests */,
				38CAD0A81D99863300B5AEB2 /* PrototipoiUITests */,
			);
		};
/* End PBXProject section */

/* Begin PBXResourcesBuildPhase section */
		38CAD0831D99863200B5AEB2 /* Resources */ = {
			isa = PBXResourcesBuildPhase;
			buildActionMask = 2147483647;
			files = (
				38CAD0981D99863300B5AEB2 /* LaunchScreen.storyboard in Resources */,
				38CAD0951D99863300B5AEB2 /* Assets.xcassets in Resources */,
				38CAD0931D99863300B5AEB2 /* Main.storyboard in Resources */,
			);
			runOnlyForDeploymentPostprocessing = 0;
		};
		38CAD09C1D99863300B5AEB2 /* Resources */ = {
			isa = PBXResourcesBuildPhase;
			buildActionMask = 2147483647;
			files = (
			);
			runOnlyForDeploymentPostprocessing = 0;
		};
		38CAD0A71D99863300B5AEB2 /* Resources */ = {
			isa = PBXResourcesBuildPhase;
			buildActionMask = 2147483647;
			files = (
			);
			runOnlyForDeploymentPostprocessing = 0;
		};
/* End PBXResourcesBuildPhase section */

/* Begin PBXShellScriptBuildPhase section */
		3F7FB15348E51C1746BB3709 /* [CP] Check Pods Manifest.lock */ = {
			isa = PBXShellScriptBuildPhase;
			buildActionMask = 2147483647;
			files = (
			);
			inputPaths = (
			);
			name = "[CP] Check Pods Manifest.lock";
			outputPaths = (
			);
			runOnlyForDeploymentPostprocessing = 0;
			shellPath = /bin/sh;
			shellScript = "diff \"${PODS_ROOT}/../Podfile.lock\" \"${PODS_ROOT}/Manifest.lock\" > /dev/null\nif [[ $? != 0 ]] ; then\n    cat << EOM\nerror: The sandbox is not in sync with the Podfile.lock. Run 'pod install' or update your CocoaPods installation.\nEOM\n    exit 1\nfi\n";
			showEnvVarsInLog = 0;
		};
		48C203A518A9C62AB34C948B /* [CP] Copy Pods Resources */ = {
			isa = PBXShellScriptBuildPhase;
			buildActionMask = 2147483647;
			files = (
			);
			inputPaths = (
			);
			name = "[CP] Copy Pods Resources";
			outputPaths = (
			);
			runOnlyForDeploymentPostprocessing = 0;
			shellPath = /bin/sh;
			shellScript = "\"${SRCROOT}/Pods/Target Support Files/Pods-PrototipoiTests/Pods-PrototipoiTests-resources.sh\"\n";
			showEnvVarsInLog = 0;
		};
		60677C71E52EABDB016D2220 /* [CP] Embed Pods Frameworks */ = {
			isa = PBXShellScriptBuildPhase;
			buildActionMask = 2147483647;
			files = (
			);
			inputPaths = (
			);
			name = "[CP] Embed Pods Frameworks";
			outputPaths = (
			);
			runOnlyForDeploymentPostprocessing = 0;
			shellPath = /bin/sh;
			shellScript = "\"${SRCROOT}/Pods/Target Support Files/Pods-PrototipoiTests/Pods-PrototipoiTests-frameworks.sh\"\n";
			showEnvVarsInLog = 0;
		};
		677464D6E83D99C3E8DCB0CA /* [CP] Copy Pods Resources */ = {
			isa = PBXShellScriptBuildPhase;
			buildActionMask = 2147483647;
			files = (
			);
			inputPaths = (
			);
			name = "[CP] Copy Pods Resources";
			outputPaths = (
			);
			runOnlyForDeploymentPostprocessing = 0;
			shellPath = /bin/sh;
			shellScript = "\"${SRCROOT}/Pods/Target Support Files/Pods-PrototipoiUITests/Pods-PrototipoiUITests-resources.sh\"\n";
			showEnvVarsInLog = 0;
		};
		BC5F36C3BEDB7F15F2434722 /* [CP] Check Pods Manifest.lock */ = {
			isa = PBXShellScriptBuildPhase;
			buildActionMask = 2147483647;
			files = (
			);
			inputPaths = (
			);
			name = "[CP] Check Pods Manifest.lock";
			outputPaths = (
			);
			runOnlyForDeploymentPostprocessing = 0;
			shellPath = /bin/sh;
			shellScript = "diff \"${PODS_ROOT}/../Podfile.lock\" \"${PODS_ROOT}/Manifest.lock\" > /dev/null\nif [[ $? != 0 ]] ; then\n    cat << EOM\nerror: The sandbox is not in sync with the Podfile.lock. Run 'pod install' or update your CocoaPods installation.\nEOM\n    exit 1\nfi\n";
			showEnvVarsInLog = 0;
		};
		CDD513D572604AD0F100E719 /* [CP] Copy Pods Resources */ = {
			isa = PBXShellScriptBuildPhase;
			buildActionMask = 2147483647;
			files = (
			);
			inputPaths = (
			);
			name = "[CP] Copy Pods Resources";
			outputPaths = (
			);
			runOnlyForDeploymentPostprocessing = 0;
			shellPath = /bin/sh;
			shellScript = "\"${SRCROOT}/Pods/Target Support Files/Pods-Prototipoi/Pods-Prototipoi-resources.sh\"\n";
			showEnvVarsInLog = 0;
		};
		D9A8BA4AB35C40E4D9CB5FA2 /* [CP] Embed Pods Frameworks */ = {
			isa = PBXShellScriptBuildPhase;
			buildActionMask = 2147483647;
			files = (
			);
			inputPaths = (
			);
			name = "[CP] Embed Pods Frameworks";
			outputPaths = (
			);
			runOnlyForDeploymentPostprocessing = 0;
			shellPath = /bin/sh;
			shellScript = "\"${SRCROOT}/Pods/Target Support Files/Pods-Prototipoi/Pods-Prototipoi-frameworks.sh\"\n";
			showEnvVarsInLog = 0;
		};
		F1E38B43578D23950AD628E3 /* [CP] Check Pods Manifest.lock */ = {
			isa = PBXShellScriptBuildPhase;
			buildActionMask = 2147483647;
			files = (
			);
			inputPaths = (
			);
			name = "[CP] Check Pods Manifest.lock";
			outputPaths = (
			);
			runOnlyForDeploymentPostprocessing = 0;
			shellPath = /bin/sh;
			shellScript = "diff \"${PODS_ROOT}/../Podfile.lock\" \"${PODS_ROOT}/Manifest.lock\" > /dev/null\nif [[ $? != 0 ]] ; then\n    cat << EOM\nerror: The sandbox is not in sync with the Podfile.lock. Run 'pod install' or update your CocoaPods installation.\nEOM\n    exit 1\nfi\n";
			showEnvVarsInLog = 0;
		};
/* End PBXShellScriptBuildPhase section */

/* Begin PBXSourcesBuildPhase section */
		38CAD0811D99863200B5AEB2 /* Sources */ = {
			isa = PBXSourcesBuildPhase;
			buildActionMask = 2147483647;
			files = (
				38CAD0901D99863300B5AEB2 /* ViewController.m in Sources */,
				38CAD08D1D99863300B5AEB2 /* AppDelegate.m in Sources */,
				38CAD08A1D99863300B5AEB2 /* main.m in Sources */,
			);
			runOnlyForDeploymentPostprocessing = 0;
		};
		38CAD09A1D99863300B5AEB2 /* Sources */ = {
			isa = PBXSourcesBuildPhase;
			buildActionMask = 2147483647;
			files = (
				38CAD0A31D99863300B5AEB2 /* PrototipoiTests.m in Sources */,
			);
			runOnlyForDeploymentPostprocessing = 0;
		};
		38CAD0A51D99863300B5AEB2 /* Sources */ = {
			isa = PBXSourcesBuildPhase;
			buildActionMask = 2147483647;
			files = (
				38CAD0AE1D99863300B5AEB2 /* PrototipoiUITests.m in Sources */,
			);
			runOnlyForDeploymentPostprocessing = 0;
		};
/* End PBXSourcesBuildPhase section */

/* Begin PBXTargetDependency section */
		38CAD0A01D99863300B5AEB2 /* PBXTargetDependency */ = {
			isa = PBXTargetDependency;
			target = 38CAD0841D99863200B5AEB2 /* Prototipoi */;
			targetProxy = 38CAD09F1D99863300B5AEB2 /* PBXContainerItemProxy */;
		};
		38CAD0AB1D99863300B5AEB2 /* PBXTargetDependency */ = {
			isa = PBXTargetDependency;
			target = 38CAD0841D99863200B5AEB2 /* Prototipoi */;
			targetProxy = 38CAD0AA1D99863300B5AEB2 /* PBXContainerItemProxy */;
		};
/* End PBXTargetDependency section */

/* Begin PBXVariantGroup section */
		38CAD0911D99863300B5AEB2 /* Main.storyboard */ = {
			isa = PBXVariantGroup;
			children = (
				38CAD0921D99863300B5AEB2 /* Base */,
			);
			name = Main.storyboard;
			sourceTree = "<group>";
		};
		38CAD0961D99863300B5AEB2 /* LaunchScreen.storyboard */ = {
			isa = PBXVariantGroup;
			children = (
				38CAD0971D99863300B5AEB2 /* Base */,
			);
			name = LaunchScreen.storyboard;
			sourceTree = "<group>";
		};
/* End PBXVariantGroup section */

/* Begin XCBuildConfiguration section */
		38CAD0B01D99863400B5AEB2 /* Debug */ = {
			isa = XCBuildConfiguration;
			buildSettings = {
				ALWAYS_SEARCH_USER_PATHS = NO;
				CLANG_CXX_LANGUAGE_STANDARD = "gnu++0x";
				CLANG_CXX_LIBRARY = "libc++";
				CLANG_ENABLE_MODULES = YES;
				CLANG_ENABLE_OBJC_ARC = YES;
				CLANG_WARN_BOOL_CONVERSION = YES;
				CLANG_WARN_CONSTANT_CONVERSION = YES;
				CLANG_WARN_DIRECT_OBJC_ISA_USAGE = YES_ERROR;
				CLANG_WARN_EMPTY_BODY = YES;
				CLANG_WARN_ENUM_CONVERSION = YES;
				CLANG_WARN_INT_CONVERSION = YES;
				CLANG_WARN_OBJC_ROOT_CLASS = YES_ERROR;
				CLANG_WARN_UNREACHABLE_CODE = YES;
				CLANG_WARN__DUPLICATE_METHOD_MATCH = YES;
				"CODE_SIGN_IDENTITY[sdk=iphoneos*]" = "iPhone Developer";
				COPY_PHASE_STRIP = NO;
				DEBUG_INFORMATION_FORMAT = dwarf;
				ENABLE_STRICT_OBJC_MSGSEND = YES;
				ENABLE_TESTABILITY = YES;
				GCC_C_LANGUAGE_STANDARD = gnu99;
				GCC_DYNAMIC_NO_PIC = NO;
				GCC_NO_COMMON_BLOCKS = YES;
				GCC_OPTIMIZATION_LEVEL = 0;
				GCC_PREPROCESSOR_DEFINITIONS = (
					"DEBUG=1",
					"$(inherited)",
				);
				GCC_WARN_64_TO_32_BIT_CONVERSION = YES;
				GCC_WARN_ABOUT_RETURN_TYPE = YES_ERROR;
				GCC_WARN_UNDECLARED_SELECTOR = YES;
				GCC_WARN_UNINITIALIZED_AUTOS = YES_AGGRESSIVE;
				GCC_WARN_UNUSED_FUNCTION = YES;
				GCC_WARN_UNUSED_VARIABLE = YES;
				IPHONEOS_DEPLOYMENT_TARGET = 9.2;
				MTL_ENABLE_DEBUG_INFO = YES;
				ONLY_ACTIVE_ARCH = YES;
				SDKROOT = iphoneos;
			};
			name = Debug;
		};
		38CAD0B11D99863400B5AEB2 /* Release */ = {
			isa = XCBuildConfiguration;
			buildSettings = {
				ALWAYS_SEARCH_USER_PATHS = NO;
				CLANG_CXX_LANGUAGE_STANDARD = "gnu++0x";
				CLANG_CXX_LIBRARY = "libc++";
				CLANG_ENABLE_MODULES = YES;
				CLANG_ENABLE_OBJC_ARC = YES;
				CLANG_WARN_BOOL_CONVERSION = YES;
				CLANG_WARN_CONSTANT_CONVERSION = YES;
				CLANG_WARN_DIRECT_OBJC_ISA_USAGE = YES_ERROR;
				CLANG_WARN_EMPTY_BODY = YES;
				CLANG_WARN_ENUM_CONVERSION = YES;
				CLANG_WARN_INT_CONVERSION = YES;
				CLANG_WARN_OBJC_ROOT_CLASS = YES_ERROR;
				CLANG_WARN_UNREACHABLE_CODE = YES;
				CLANG_WARN__DUPLICATE_METHOD_MATCH = YES;
				"CODE_SIGN_IDENTITY[sdk=iphoneos*]" = "iPhone Developer";
				COPY_PHASE_STRIP = NO;
				DEBUG_INFORMATION_FORMAT = "dwarf-with-dsym";
				ENABLE_NS_ASSERTIONS = NO;
				ENABLE_STRICT_OBJC_MSGSEND = YES;
				GCC_C_LANGUAGE_STANDARD = gnu99;
				GCC_NO_COMMON_BLOCKS = YES;
				GCC_WARN_64_TO_32_BIT_CONVERSION = YES;
				GCC_WARN_ABOUT_RETURN_TYPE = YES_ERROR;
				GCC_WARN_UNDECLARED_SELECTOR = YES;
				GCC_WARN_UNINITIALIZED_AUTOS = YES_AGGRESSIVE;
				GCC_WARN_UNUSED_FUNCTION = YES;
				GCC_WARN_UNUSED_VARIABLE = YES;
				IPHONEOS_DEPLOYMENT_TARGET = 9.2;
				MTL_ENABLE_DEBUG_INFO = NO;
				SDKROOT = iphoneos;
				VALIDATE_PRODUCT = YES;
			};
			name = Release;
		};
		38CAD0B31D99863400B5AEB2 /* Debug */ = {
			isa = XCBuildConfiguration;
			baseConfigurationReference = 0DCD6D233C49029B3971F2DD /* Pods-Prototipoi.debug.xcconfig */;
			buildSettings = {
				ASSETCATALOG_COMPILER_APPICON_NAME = AppIcon;
				INFOPLIST_FILE = Prototipoi/Info.plist;
				LD_RUNPATH_SEARCH_PATHS = "$(inherited) @executable_path/Frameworks";
				PRODUCT_BUNDLE_IDENTIFIER = "John-Doe.Prototipoi";
				PRODUCT_NAME = "$(TARGET_NAME)";
			};
			name = Debug;
		};
		38CAD0B41D99863400B5AEB2 /* Release */ = {
			isa = XCBuildConfiguration;
			baseConfigurationReference = DFACDA516B65A6111DCA463E /* Pods-Prototipoi.release.xcconfig */;
			buildSettings = {
				ASSETCATALOG_COMPILER_APPICON_NAME = AppIcon;
				INFOPLIST_FILE = Prototipoi/Info.plist;
				LD_RUNPATH_SEARCH_PATHS = "$(inherited) @executable_path/Frameworks";
				PRODUCT_BUNDLE_IDENTIFIER = "John-Doe.Prototipoi";
				PRODUCT_NAME = "$(TARGET_NAME)";
			};
			name = Release;
		};
		38CAD0B61D99863400B5AEB2 /* Debug */ = {
			isa = XCBuildConfiguration;
			baseConfigurationReference = 3B58E3C02100B97C42495047 /* Pods-PrototipoiTests.debug.xcconfig */;
			buildSettings = {
				BUNDLE_LOADER = "$(TEST_HOST)";
				INFOPLIST_FILE = PrototipoiTests/Info.plist;
				LD_RUNPATH_SEARCH_PATHS = "$(inherited) @executable_path/Frameworks @loader_path/Frameworks";
				PRODUCT_BUNDLE_IDENTIFIER = "John-Doe.PrototipoiTests";
				PRODUCT_NAME = "$(TARGET_NAME)";
				TEST_HOST = "$(BUILT_PRODUCTS_DIR)/Prototipoi.app/Prototipoi";
			};
			name = Debug;
		};
		38CAD0B71D99863400B5AEB2 /* Release */ = {
			isa = XCBuildConfiguration;
			baseConfigurationReference = FEE639123C941F9A682FCF15 /* Pods-PrototipoiTests.release.xcconfig */;
			buildSettings = {
				BUNDLE_LOADER = "$(TEST_HOST)";
				INFOPLIST_FILE = PrototipoiTests/Info.plist;
				LD_RUNPATH_SEARCH_PATHS = "$(inherited) @executable_path/Frameworks @loader_path/Frameworks";
				PRODUCT_BUNDLE_IDENTIFIER = "John-Doe.PrototipoiTests";
				PRODUCT_NAME = "$(TARGET_NAME)";
				TEST_HOST = "$(BUILT_PRODUCTS_DIR)/Prototipoi.app/Prototipoi";
			};
			name = Release;
		};
		38CAD0B91D99863400B5AEB2 /* Debug */ = {
			isa = XCBuildConfiguration;
			baseConfigurationReference = 56DC31AB14AB0B140665F473 /* Pods-PrototipoiUITests.debug.xcconfig */;
			buildSettings = {
				INFOPLIST_FILE = PrototipoiUITests/Info.plist;
				LD_RUNPATH_SEARCH_PATHS = "$(inherited) @executable_path/Frameworks @loader_path/Frameworks";
				PRODUCT_BUNDLE_IDENTIFIER = "John-Doe.PrototipoiUITests";
				PRODUCT_NAME = "$(TARGET_NAME)";
				TEST_TARGET_NAME = Prototipoi;
				USES_XCTRUNNER = YES;
			};
			name = Debug;
		};
		38CAD0BA1D99863400B5AEB2 /* Release */ = {
			isa = XCBuildConfiguration;
			baseConfigurationReference = 10A1EB45DD4855FADCCCF28D /* Pods-PrototipoiUITests.release.xcconfig */;
			buildSettings = {
				INFOPLIST_FILE = PrototipoiUITests/Info.plist;
				LD_RUNPATH_SEARCH_PATHS = "$(inherited) @executable_path/Frameworks @loader_path/Frameworks";
				PRODUCT_BUNDLE_IDENTIFIER = "John-Doe.PrototipoiUITests";
				PRODUCT_NAME = "$(TARGET_NAME)";
				TEST_TARGET_NAME = Prototipoi;
				USES_XCTRUNNER = YES;
			};
			name = Release;
		};
/* End XCBuildConfiguration section */

/* Begin XCConfigurationList section */
		38CAD0801D99863200B5AEB2 /* Build configuration list for PBXProject "Prototipoi" */ = {
			isa = XCConfigurationList;
			buildConfigurations = (
				38CAD0B01D99863400B5AEB2 /* Debug */,
				38CAD0B11D99863400B5AEB2 /* Release */,
			);
			defaultConfigurationIsVisible = 0;
			defaultConfigurationName = Release;
		};
		38CAD0B21D99863400B5AEB2 /* Build configuration list for PBXNativeTarget "Prototipoi" */ = {
			isa = XCConfigurationList;
			buildConfigurations = (
				38CAD0B31D99863400B5AEB2 /* Debug */,
				38CAD0B41D99863400B5AEB2 /* Release */,
			);
			defaultConfigurationIsVisible = 0;
			defaultConfigurationName = Release;
		};
		38CAD0B51D99863400B5AEB2 /* Build configuration list for PBXNativeTarget "PrototipoiTests" */ = {
			isa = XCConfigurationList;
			buildConfigurations = (
				38CAD0B61D99863400B5AEB2 /* Debug */,
				38CAD0B71D99863400B5AEB2 /* Release */,
			);
			defaultConfigurationIsVisible = 0;
			defaultConfigurationName = Release;
		};
		38CAD0B81D99863400B5AEB2 /* Build configuration list for PBXNativeTarget "PrototipoiUITests" */ = {
			isa = XCConfigurationList;
			buildConfigurations = (
				38CAD0B91D99863400B5AEB2 /* Debug */,
				38CAD0BA1D99863400B5AEB2 /* Release */,
			);
			defaultConfigurationIsVisible = 0;
			defaultConfigurationName = Release;
		};
/* End XCConfigurationList section */
	};
	rootObject = 38CAD07D1D99863200B5AEB2 /* Project object */;
}
